// !$*UTF8*$!
{
	archiveVersion = 1;
	classes = {
	};
	objectVersion = 50;
	objects = {

/* Begin PBXBuildFile section */
		7DF3523720D96E7400CF9D32 /* AppDelegate.swift in Sources */ = {isa = PBXBuildFile; fileRef = 7DF3523620D96E7400CF9D32 /* AppDelegate.swift */; };
		7DF3523920D96E7400CF9D32 /* ViewController.swift in Sources */ = {isa = PBXBuildFile; fileRef = 7DF3523820D96E7400CF9D32 /* ViewController.swift */; };
		7DF3523C20D96E7400CF9D32 /* Main.storyboard in Resources */ = {isa = PBXBuildFile; fileRef = 7DF3523A20D96E7400CF9D32 /* Main.storyboard */; };
		7DF3523E20D96E7600CF9D32 /* Assets.xcassets in Resources */ = {isa = PBXBuildFile; fileRef = 7DF3523D20D96E7600CF9D32 /* Assets.xcassets */; };
		7DF3524120D96E7600CF9D32 /* LaunchScreen.storyboard in Resources */ = {isa = PBXBuildFile; fileRef = 7DF3523F20D96E7600CF9D32 /* LaunchScreen.storyboard */; };
		7DF3525120DAFC3A00CF9D32 /* SwipingController.swift in Sources */ = {isa = PBXBuildFile; fileRef = 7DF3525020DAFC3A00CF9D32 /* SwipingController.swift */; };
		7DF3525320DB02B800CF9D32 /* PageCell.swift in Sources */ = {isa = PBXBuildFile; fileRef = 7DF3525220DB02B800CF9D32 /* PageCell.swift */; };
		7DF3525520DB0ADF00CF9D32 /* Page.swift in Sources */ = {isa = PBXBuildFile; fileRef = 7DF3525420DB0ADF00CF9D32 /* Page.swift */; };
		7DF3525C20DBCB8800CF9D32 /* SwipingController+extension.swift in Sources */ = {isa = PBXBuildFile; fileRef = 7DF3525B20DBCB8800CF9D32 /* SwipingController+extension.swift */; };
		7DF3525E20DBCCB600CF9D32 /* SwipingController+UICollectionView.swift in Sources */ = {isa = PBXBuildFile; fileRef = 7DF3525D20DBCCB600CF9D32 /* SwipingController+UICollectionView.swift */; };
		7DF3526020DBD6AF00CF9D32 /* APIDemo.swift in Sources */ = {isa = PBXBuildFile; fileRef = 7DF3525F20DBD6AF00CF9D32 /* APIDemo.swift */; };
/* End PBXBuildFile section */

/* Begin PBXFileReference section */
		7DF3523320D96E7400CF9D32 /* AutolayoutTest.app */ = {isa = PBXFileReference; explicitFileType = wrapper.application; includeInIndex = 0; path = AutolayoutTest.app; sourceTree = BUILT_PRODUCTS_DIR; };
		7DF3523620D96E7400CF9D32 /* AppDelegate.swift */ = {isa = PBXFileReference; lastKnownFileType = sourcecode.swift; path = AppDelegate.swift; sourceTree = "<group>"; };
		7DF3523820D96E7400CF9D32 /* ViewController.swift */ = {isa = PBXFileReference; lastKnownFileType = sourcecode.swift; path = ViewController.swift; sourceTree = "<group>"; };
		7DF3523B20D96E7400CF9D32 /* Base */ = {isa = PBXFileReference; lastKnownFileType = file.storyboard; name = Base; path = Base.lproj/Main.storyboard; sourceTree = "<group>"; };
		7DF3523D20D96E7600CF9D32 /* Assets.xcassets */ = {isa = PBXFileReference; lastKnownFileType = folder.assetcatalog; path = Assets.xcassets; sourceTree = "<group>"; };
		7DF3524020D96E7600CF9D32 /* Base */ = {isa = PBXFileReference; lastKnownFileType = file.storyboard; name = Base; path = Base.lproj/LaunchScreen.storyboard; sourceTree = "<group>"; };
		7DF3524220D96E7600CF9D32 /* Info.plist */ = {isa = PBXFileReference; lastKnownFileType = text.plist.xml; path = Info.plist; sourceTree = "<group>"; };
		7DF3525020DAFC3A00CF9D32 /* SwipingController.swift */ = {isa = PBXFileReference; lastKnownFileType = sourcecode.swift; path = SwipingController.swift; sourceTree = "<group>"; };
		7DF3525220DB02B800CF9D32 /* PageCell.swift */ = {isa = PBXFileReference; lastKnownFileType = sourcecode.swift; path = PageCell.swift; sourceTree = "<group>"; };
		7DF3525420DB0ADF00CF9D32 /* Page.swift */ = {isa = PBXFileReference; lastKnownFileType = sourcecode.swift; path = Page.swift; sourceTree = "<group>"; };
		7DF3525B20DBCB8800CF9D32 /* SwipingController+extension.swift */ = {isa = PBXFileReference; lastKnownFileType = sourcecode.swift; path = "SwipingController+extension.swift"; sourceTree = "<group>"; };
		7DF3525D20DBCCB600CF9D32 /* SwipingController+UICollectionView.swift */ = {isa = PBXFileReference; lastKnownFileType = sourcecode.swift; path = "SwipingController+UICollectionView.swift"; sourceTree = "<group>"; };
		7DF3525F20DBD6AF00CF9D32 /* APIDemo.swift */ = {isa = PBXFileReference; lastKnownFileType = sourcecode.swift; path = APIDemo.swift; sourceTree = "<group>"; };
/* End PBXFileReference section */

/* Begin PBXFrameworksBuildPhase section */
		7DF3523020D96E7400CF9D32 /* Frameworks */ = {
			isa = PBXFrameworksBuildPhase;
			buildActionMask = 2147483647;
			files = (
			);
			runOnlyForDeploymentPostprocessing = 0;
		};
/* End PBXFrameworksBuildPhase section */

/* Begin PBXGroup section */
		7DF3522A20D96E7400CF9D32 = {
			isa = PBXGroup;
			children = (
				7DF3523520D96E7400CF9D32 /* AutolayoutTest */,
				7DF3523420D96E7400CF9D32 /* Products */,
			);
			sourceTree = "<group>";
		};
		7DF3523420D96E7400CF9D32 /* Products */ = {
			isa = PBXGroup;
			children = (
				7DF3523320D96E7400CF9D32 /* AutolayoutTest.app */,
			);
			name = Products;
			sourceTree = "<group>";
		};
		7DF3523520D96E7400CF9D32 /* AutolayoutTest */ = {
			isa = PBXGroup;
			children = (
				7DF3523620D96E7400CF9D32 /* AppDelegate.swift */,
				7DF3523820D96E7400CF9D32 /* ViewController.swift */,
				7DF3523A20D96E7400CF9D32 /* Main.storyboard */,
				7DF3523D20D96E7600CF9D32 /* Assets.xcassets */,
				7DF3523F20D96E7600CF9D32 /* LaunchScreen.storyboard */,
				7DF3524220D96E7600CF9D32 /* Info.plist */,
				7DF3525020DAFC3A00CF9D32 /* SwipingController.swift */,
				7DF3525220DB02B800CF9D32 /* PageCell.swift */,
				7DF3525420DB0ADF00CF9D32 /* Page.swift */,
				7DF3525B20DBCB8800CF9D32 /* SwipingController+extension.swift */,
				7DF3525D20DBCCB600CF9D32 /* SwipingController+UICollectionView.swift */,
				7DF3525F20DBD6AF00CF9D32 /* APIDemo.swift */,
			);
			path = AutolayoutTest;
			sourceTree = "<group>";
		};
/* End PBXGroup section */

/* Begin PBXNativeTarget section */
		7DF3523220D96E7400CF9D32 /* AutolayoutTest */ = {
			isa = PBXNativeTarget;
			buildConfigurationList = 7DF3524520D96E7600CF9D32 /* Build configuration list for PBXNativeTarget "AutolayoutTest" */;
			buildPhases = (
				7DF3522F20D96E7400CF9D32 /* Sources */,
				7DF3523020D96E7400CF9D32 /* Frameworks */,
				7DF3523120D96E7400CF9D32 /* Resources */,
			);
			buildRules = (
			);
			dependencies = (
			);
			name = AutolayoutTest;
			productName = AutolayoutTest;
			productReference = 7DF3523320D96E7400CF9D32 /* AutolayoutTest.app */;
			productType = "com.apple.product-type.application";
		};
/* End PBXNativeTarget section */

/* Begin PBXProject section */
		7DF3522B20D96E7400CF9D32 /* Project object */ = {
			isa = PBXProject;
			attributes = {
				LastSwiftUpdateCheck = 1000;
				LastUpgradeCheck = 1000;
				ORGANIZATIONNAME = "Sebastian Strus";
				TargetAttributes = {
					7DF3523220D96E7400CF9D32 = {
						CreatedOnToolsVersion = 10.0;
					};
				};
			};
			buildConfigurationList = 7DF3522E20D96E7400CF9D32 /* Build configuration list for PBXProject "AutolayoutTest" */;
			compatibilityVersion = "Xcode 9.3";
			developmentRegion = en;
			hasScannedForEncodings = 0;
			knownRegions = (
				en,
				Base,
			);
			mainGroup = 7DF3522A20D96E7400CF9D32;
			productRefGroup = 7DF3523420D96E7400CF9D32 /* Products */;
			projectDirPath = "";
			projectRoot = "";
			targets = (
				7DF3523220D96E7400CF9D32 /* AutolayoutTest */,
			);
		};
/* End PBXProject section */

/* Begin PBXResourcesBuildPhase section */
		7DF3523120D96E7400CF9D32 /* Resources */ = {
			isa = PBXResourcesBuildPhase;
			buildActionMask = 2147483647;
			files = (
				7DF3524120D96E7600CF9D32 /* LaunchScreen.storyboard in Resources */,
				7DF3523E20D96E7600CF9D32 /* Assets.xcassets in Resources */,
				7DF3523C20D96E7400CF9D32 /* Main.storyboard in Resources */,
			);
			runOnlyForDeploymentPostprocessing = 0;
		};
/* End PBXResourcesBuildPhase section */

/* Begin PBXSourcesBuildPhase section */
		7DF3522F20D96E7400CF9D32 /* Sources */ = {
			isa = PBXSourcesBuildPhase;
			buildActionMask = 2147483647;
			files = (
				7DF3523920D96E7400CF9D32 /* ViewController.swift in Sources */,
				7DF3523720D96E7400CF9D32 /* AppDelegate.swift in Sources */,
				7DF3525320DB02B800CF9D32 /* PageCell.swift in Sources */,
				7DF3525E20DBCCB600CF9D32 /* SwipingController+UICollectionView.swift in Sources */,
				7DF3525120DAFC3A00CF9D32 /* SwipingController.swift in Sources */,
				7DF3525520DB0ADF00CF9D32 /* Page.swift in Sources */,
				7DF3525C20DBCB8800CF9D32 /* SwipingController+extension.swift in Sources */,
				7DF3526020DBD6AF00CF9D32 /* APIDemo.swift in Sources */,
			);
			runOnlyForDeploymentPostprocessing = 0;
		};
/* End PBXSourcesBuildPhase section */

/* Begin PBXVariantGroup section */
		7DF3523A20D96E7400CF9D32 /* Main.storyboard */ = {
			isa = PBXVariantGroup;
			children = (
				7DF3523B20D96E7400CF9D32 /* Base */,
			);
			name = Main.storyboard;
			sourceTree = "<group>";
		};
		7DF3523F20D96E7600CF9D32 /* LaunchScreen.storyboard */ = {
			isa = PBXVariantGroup;
			children = (
				7DF3524020D96E7600CF9D32 /* Base */,
			);
			name = LaunchScreen.storyboard;
			sourceTree = "<group>";
		};
/* End PBXVariantGroup section */

/* Begin XCBuildConfiguration section */
		7DF3524320D96E7600CF9D32 /* Debug */ = {
			isa = XCBuildConfiguration;
			buildSettings = {
				ALWAYS_SEARCH_USER_PATHS = NO;
				CLANG_ANALYZER_NONNULL = YES;
				CLANG_ANALYZER_NUMBER_OBJECT_CONVERSION = YES_AGGRESSIVE;
				CLANG_CXX_LANGUAGE_STANDARD = "gnu++14";
				CLANG_CXX_LIBRARY = "libc++";
				CLANG_ENABLE_MODULES = YES;
				CLANG_ENABLE_OBJC_ARC = YES;
				CLANG_ENABLE_OBJC_WEAK = YES;
				CLANG_WARN_BLOCK_CAPTURE_AUTORELEASING = YES;
				CLANG_WARN_BOOL_CONVERSION = YES;
				CLANG_WARN_COMMA = YES;
				CLANG_WARN_CONSTANT_CONVERSION = YES;
				CLANG_WARN_DEPRECATED_OBJC_IMPLEMENTATIONS = YES;
				CLANG_WARN_DIRECT_OBJC_ISA_USAGE = YES_ERROR;
				CLANG_WARN_DOCUMENTATION_COMMENTS = YES;
				CLANG_WARN_EMPTY_BODY = YES;
				CLANG_WARN_ENUM_CONVERSION = YES;
				CLANG_WARN_INFINITE_RECURSION = YES;
				CLANG_WARN_INT_CONVERSION = YES;
				CLANG_WARN_NON_LITERAL_NULL_CONVERSION = YES;
				CLANG_WARN_OBJC_IMPLICIT_RETAIN_SELF = YES;
				CLANG_WARN_OBJC_LITERAL_CONVERSION = YES;
				CLANG_WARN_OBJC_ROOT_CLASS = YES_ERROR;
				CLANG_WARN_RANGE_LOOP_ANALYSIS = YES;
				CLANG_WARN_STRICT_PROTOTYPES = YES;
				CLANG_WARN_SUSPICIOUS_MOVE = YES;
				CLANG_WARN_UNGUARDED_AVAILABILITY = YES_AGGRESSIVE;
				CLANG_WARN_UNREACHABLE_CODE = YES;
				CLANG_WARN__DUPLICATE_METHOD_MATCH = YES;
				CODE_SIGN_IDENTITY = "iPhone Developer";
				COPY_PHASE_STRIP = NO;
				DEBUG_INFORMATION_FORMAT = dwarf;
				ENABLE_STRICT_OBJC_MSGSEND = YES;
				ENABLE_TESTABILITY = YES;
				GCC_C_LANGUAGE_STANDARD = gnu11;
				GCC_DYNAMIC_NO_PIC = NO;
				GCC_NO_COMMON_BLOCKS = YES;
				GCC_OPTIMIZATION_LEVEL = 0;
				GCC_PREPROCESSOR_DEFINITIONS = (
					"DEBUG=1",
					"$(inherited)",
				);
				GCC_WARN_64_TO_32_BIT_CONVERSION = YES;
				GCC_WARN_ABOUT_RETURN_TYPE = YES_ERROR;
				GCC_WARN_UNDECLARED_SELECTOR = YES;
				GCC_WARN_UNINITIALIZED_AUTOS = YES_AGGRESSIVE;
				GCC_WARN_UNUSED_FUNCTION = YES;
				GCC_WARN_UNUSED_VARIABLE = YES;
				IPHONEOS_DEPLOYMENT_TARGET = 12.0;
				MTL_ENABLE_DEBUG_INFO = INCLUDE_SOURCE;
				ONLY_ACTIVE_ARCH = YES;
				SDKROOT = iphoneos;
				SWIFT_ACTIVE_COMPILATION_CONDITIONS = DEBUG;
				SWIFT_OPTIMIZATION_LEVEL = "-Onone";
			};
			name = Debug;
		};
		7DF3524420D96E7600CF9D32 /* Release */ = {
			isa = XCBuildConfiguration;
			buildSettings = {
				ALWAYS_SEARCH_USER_PATHS = NO;
				CLANG_ANALYZER_NONNULL = YES;
				CLANG_ANALYZER_NUMBER_OBJECT_CONVERSION = YES_AGGRESSIVE;
				CLANG_CXX_LANGUAGE_STANDARD = "gnu++14";
				CLANG_CXX_LIBRARY = "libc++";
				CLANG_ENABLE_MODULES = YES;
				CLANG_ENABLE_OBJC_ARC = YES;
				CLANG_ENABLE_OBJC_WEAK = YES;
				CLANG_WARN_BLOCK_CAPTURE_AUTORELEASING = YES;
				CLANG_WARN_BOOL_CONVERSION = YES;
				CLANG_WARN_COMMA = YES;
				CLANG_WARN_CONSTANT_CONVERSION = YES;
				CLANG_WARN_DEPRECATED_OBJC_IMPLEMENTATIONS = YES;
				CLANG_WARN_DIRECT_OBJC_ISA_USAGE = YES_ERROR;
				CLANG_WARN_DOCUMENTATION_COMMENTS = YES;
				CLANG_WARN_EMPTY_BODY = YES;
				CLANG_WARN_ENUM_CONVERSION = YES;
				CLANG_WARN_INFINITE_RECURSION = YES;
				CLANG_WARN_INT_CONVERSION = YES;
				CLANG_WARN_NON_LITERAL_NULL_CONVERSION = YES;
				CLANG_WARN_OBJC_IMPLICIT_RETAIN_SELF = YES;
				CLANG_WARN_OBJC_LITERAL_CONVERSION = YES;
				CLANG_WARN_OBJC_ROOT_CLASS = YES_ERROR;
				CLANG_WARN_RANGE_LOOP_ANALYSIS = YES;
				CLANG_WARN_STRICT_PROTOTYPES = YES;
				CLANG_WARN_SUSPICIOUS_MOVE = YES;
				CLANG_WARN_UNGUARDED_AVAILABILITY = YES_AGGRESSIVE;
				CLANG_WARN_UNREACHABLE_CODE = YES;
				CLANG_WARN__DUPLICATE_METHOD_MATCH = YES;
				CODE_SIGN_IDENTITY = "iPhone Developer";
				COPY_PHASE_STRIP = NO;
				DEBUG_INFORMATION_FORMAT = "dwarf-with-dsym";
				ENABLE_NS_ASSERTIONS = NO;
				ENABLE_STRICT_OBJC_MSGSEND = YES;
				GCC_C_LANGUAGE_STANDARD = gnu11;
				GCC_NO_COMMON_BLOCKS = YES;
				GCC_WARN_64_TO_32_BIT_CONVERSION = YES;
				GCC_WARN_ABOUT_RETURN_TYPE = YES_ERROR;
				GCC_WARN_UNDECLARED_SELECTOR = YES;
				GCC_WARN_UNINITIALIZED_AUTOS = YES_AGGRESSIVE;
				GCC_WARN_UNUSED_FUNCTION = YES;
				GCC_WARN_UNUSED_VARIABLE = YES;
				IPHONEOS_DEPLOYMENT_TARGET = 12.0;
				MTL_ENABLE_DEBUG_INFO = NO;
				SDKROOT = iphoneos;
				SWIFT_COMPILATION_MODE = wholemodule;
				SWIFT_OPTIMIZATION_LEVEL = "-O";
				VALIDATE_PRODUCT = YES;
			};
			name = Release;
		};
		7DF3524620D96E7600CF9D32 /* Debug */ = {
			isa = XCBuildConfiguration;
			buildSettings = {
				ASSETCATALOG_COMPILER_APPICON_NAME = AppIcon;
				CODE_SIGN_STYLE = Automatic;
				DEVELOPMENT_TEAM = 2MN47LCN82;
				INFOPLIST_FILE = AutolayoutTest/Info.plist;
				LD_RUNPATH_SEARCH_PATHS = (
					"$(inherited)",
					"@executable_path/Frameworks",
				);
				PRODUCT_BUNDLE_IDENTIFIER = seb.AutolayoutTest;
				PRODUCT_NAME = "$(TARGET_NAME)";
				SWIFT_VERSION = 4.0;
				TARGETED_DEVICE_FAMILY = "1,2";
			};
			name = Debug;
		};
		7DF3524720D96E7600CF9D32 /* Release */ = {
			isa = XCBuildConfiguration;
			buildSettings = {
				ASSETCATALOG_COMPILER_APPICON_NAME = AppIcon;
				CODE_SIGN_STYLE = Automatic;
				DEVELOPMENT_TEAM = 2MN47LCN82;
				INFOPLIST_FILE = AutolayoutTest/Info.plist;
				LD_RUNPATH_SEARCH_PATHS = (
					"$(inherited)",
					"@executable_path/Frameworks",
				);
				PRODUCT_BUNDLE_IDENTIFIER = seb.AutolayoutTest;
				PRODUCT_NAME = "$(TARGET_NAME)";
				SWIFT_VERSION = 4.0;
				TARGETED_DEVICE_FAMILY = "1,2";
			};
			name = Release;
		};
/* End XCBuildConfiguration section */

/* Begin XCConfigurationList section */
		7DF3522E20D96E7400CF9D32 /* Build configuration list for PBXProject "AutolayoutTest" */ = {
			isa = XCConfigurationList;
			buildConfigurations = (
				7DF3524320D96E7600CF9D32 /* Debug */,
				7DF3524420D96E7600CF9D32 /* Release */,
			);
			defaultConfigurationIsVisible = 0;
			defaultConfigurationName = Release;
		};
		7DF3524520D96E7600CF9D32 /* Build configuration list for PBXNativeTarget "AutolayoutTest" */ = {
			isa = XCConfigurationList;
			buildConfigurations = (
				7DF3524620D96E7600CF9D32 /* Debug */,
				7DF3524720D96E7600CF9D32 /* Release */,
			);
			defaultConfigurationIsVisible = 0;
			defaultConfigurationName = Release;
		};
/* End XCConfigurationList section */
	};
	rootObject = 7DF3522B20D96E7400CF9D32 /* Project object */;
}
